# THIS IS AN AUTOGENERATED FILE. DO NOT EDIT THIS FILE DIRECTLY.
# yarn lockfile v1


ag-charts-types@10.3.3-beta.20241117:
  version "10.3.3-beta.20241117"
  resolved "http://52.50.158.57:4873/ag-charts-types/-/ag-charts-types-10.3.3-beta.20241117.tgz#8062e52fb8e254d05abc5678d0a55fccc0598151"
  integrity sha512-ZsecUjuzuode+/EfXlTbu2uUKx7dLRFmjWn9HX1gE2IK9b/9qETcEYyF171PhjPeQQQvCBRIEvrRRtuOrScLcw==

ag-grid-community@32.2.0-beta.20241119.738:
  version "32.2.0-beta.20241119.738"
  resolved "http://52.50.158.57:4873/ag-grid-community/-/ag-grid-community-32.2.0-beta.20241119.738.tgz#140d0ad751a60fa07f8754c74838c8f1a82386b0"
  integrity sha512-WfjDHwBlJnoPpI2Zel22iFjPv/30jBgUFE7FjNto8P9VRdh7eJA/TLFcGDJvAN7tsm5nk4ncd1lJ0016wFwreQ==
  dependencies:
    ag-charts-types "10.3.3-beta.20241117"
